{
  "name": "moddednpmproj",
  "version": "1.0.0",
  "lockfileVersion": 3,
  "requires": true,
  "packages": {
    "": {
      "name": "moddednpmproj",
      "version": "1.0.0",
      "license": "ISC",
      "dependencies": {
        "left-pad": "git+https://github.com/aaarbk/left-pad"
      }
    },
    "node_modules/left-pad": {
      "version": "1.3.0",
      "resolved": "git+ssh://git@github.com/aaarbk/left-pad.git#aba075f6e6d3fa5adeae6d63e27e2dd8f17d744c",
      "license": "MIT"
    }
  }
}
